
Microsoft Visual Studio Solution File, Format Version 12.00
# Visual Studio Version 17
VisualStudioVersion = 17.0.31903.59
MinimumVisualStudioVersion = 10.0.40219.1
Project("{9A19103F-16F7-4668-BE54-9A1E7A4F7556}") = "QandA", "QandA\QandA.csproj", "{A515C007-8A92-449B-8655-063A171FEE20}"
EndProject
Project("{FAE04EC0-301F-11D3-BF4B-00C04F79EFBC}") = "BackendTests", "BackendTests\BackendTests.csproj", "{C2E31780-FE46-4ABF-B7F2-17D9A06659C8}"
EndProject
Global
	GlobalSection(SolutionConfigurationPlatforms) = preSolution
		Debug|Any CPU = Debug|Any CPU
		Release|Any CPU = Release|Any CPU
	EndGlobalSection
	GlobalSection(ProjectConfigurationPlatforms) = postSolution
		{A515C007-8A92-449B-8655-063A171FEE20}.Debug|Any CPU.ActiveCfg = Debug|Any CPU
		{A515C007-8A92-449B-8655-063A171FEE20}.Debug|Any CPU.Build.0 = Debug|Any CPU
		{A515C007-8A92-449B-8655-063A171FEE20}.Release|Any CPU.ActiveCfg = Release|Any CPU
		{A515C007-8A92-449B-8655-063A171FEE20}.Release|Any CPU.Build.0 = Release|Any CPU
		{C2E31780-FE46-4ABF-B7F2-17D9A06659C8}.Debug|Any CPU.ActiveCfg = Debug|Any CPU
		{C2E31780-FE46-4ABF-B7F2-17D9A06659C8}.Debug|Any CPU.Build.0 = Debug|Any CPU
		{C2E31780-FE46-4ABF-B7F2-17D9A06659C8}.Release|Any CPU.ActiveCfg = Release|Any CPU
		{C2E31780-FE46-4ABF-B7F2-17D9A06659C8}.Release|Any CPU.Build.0 = Release|Any CPU
	EndGlobalSection
	GlobalSection(SolutionProperties) = preSolution
		HideSolutionNode = FALSE
	EndGlobalSection
	GlobalSection(ExtensibilityGlobals) = postSolution
		SolutionGuid = {F62818EE-5D21-4EB2-9277-BE3C4C2C9A95}
	EndGlobalSection
EndGlobal
